
Microsoft Visual Studio Solution File, Format Version 12.00
# Visual Studio Version 16
VisualStudioVersion = 16.0.31005.135
MinimumVisualStudioVersion = 10.0.40219.1
Project("{FAE04EC0-301F-11D3-BF4B-00C04F79EFBC}") = "Aneejian.PowerPoint.Downsizer", "Aneejian.PowerPoint.Downsizer\Aneejian.PowerPoint.Downsizer.csproj", "{4813E0D9-B582-4A2C-9D36-7361557EB733}"
EndProject
Global
	GlobalSection(SolutionConfigurationPlatforms) = preSolution
		Debug|Any CPU = Debug|Any CPU
		Release|Any CPU = Release|Any CPU
	EndGlobalSection
	GlobalSection(ProjectConfigurationPlatforms) = postSolution
		{4813E0D9-B582-4A2C-9D36-7361557EB733}.Debug|Any CPU.ActiveCfg = Debug|Any CPU
		{4813E0D9-B582-4A2C-9D36-7361557EB733}.Debug|Any CPU.Build.0 = Debug|Any CPU
		{4813E0D9-B582-4A2C-9D36-7361557EB733}.Release|Any CPU.ActiveCfg = Release|Any CPU
		{4813E0D9-B582-4A2C-9D36-7361557EB733}.Release|Any CPU.Build.0 = Release|Any CPU
	EndGlobalSection
	GlobalSection(SolutionProperties) = preSolution
		HideSolutionNode = FALSE
	EndGlobalSection
	GlobalSection(ExtensibilityGlobals) = postSolution
		SolutionGuid = {78556AC6-EE40-43A0-86BE-CAEE2E8E8574}
	EndGlobalSection
EndGlobal
