
Microsoft Visual Studio Solution File, Format Version 12.00
# Visual Studio Version 16
VisualStudioVersion = 16.0.31005.135
MinimumVisualStudioVersion = 10.0.40219.1
Project("{FAE04EC0-301F-11D3-BF4B-00C04F79EFBC}") = "Aneejian.PowerPoint.Downsizer", "Aneejian.PowerPoint.Downsizer\Aneejian.PowerPoint.Downsizer.csproj", "{4813E0D9-B582-4A2C-9D36-7361557EB733}"
EndProject
Project("{FAE04EC0-301F-11D3-BF4B-00C04F79EFBC}") = "Aneejian.PowerPoint.Downsizer.AddIn", "Aneejian.PowerPoint.Downsizer.AddIn\Aneejian.PowerPoint.Downsizer.AddIn.csproj", "{958A660F-EBBB-443E-9505-EB23F6D4F630}"
EndProject
Project("{2150E333-8FDC-42A3-9474-1A3956D46DE8}") = "Solution Items", "Solution Items", "{6B6711EA-FDD2-46BE-A146-7A4258BD3D5F}"
	ProjectSection(SolutionItems) = preProject
		.editorconfig = .editorconfig
	EndProjectSection
EndProject
Project("{54435603-DBB4-11D2-8724-00A0C9A8B90C}") = "Aneejian.PowerPoint.Downsizer.AddIn.Installer", "Aneejian.PowerPoint.Downsizer.AddIn.Installer\Aneejian.PowerPoint.Downsizer.AddIn.Installer.vdproj", "{92F8E316-75E3-4E85-9F2A-86FC88F87D7B}"
EndProject
Global
	GlobalSection(SolutionConfigurationPlatforms) = preSolution
		Debug|Any CPU = Debug|Any CPU
		Release|Any CPU = Release|Any CPU
	EndGlobalSection
	GlobalSection(ProjectConfigurationPlatforms) = postSolution
		{4813E0D9-B582-4A2C-9D36-7361557EB733}.Debug|Any CPU.ActiveCfg = Debug|Any CPU
		{4813E0D9-B582-4A2C-9D36-7361557EB733}.Debug|Any CPU.Build.0 = Debug|Any CPU
		{4813E0D9-B582-4A2C-9D36-7361557EB733}.Release|Any CPU.ActiveCfg = Release|Any CPU
		{4813E0D9-B582-4A2C-9D36-7361557EB733}.Release|Any CPU.Build.0 = Release|Any CPU
		{958A660F-EBBB-443E-9505-EB23F6D4F630}.Debug|Any CPU.ActiveCfg = Debug|Any CPU
		{958A660F-EBBB-443E-9505-EB23F6D4F630}.Debug|Any CPU.Build.0 = Debug|Any CPU
		{958A660F-EBBB-443E-9505-EB23F6D4F630}.Release|Any CPU.ActiveCfg = Release|Any CPU
		{958A660F-EBBB-443E-9505-EB23F6D4F630}.Release|Any CPU.Build.0 = Release|Any CPU
		{92F8E316-75E3-4E85-9F2A-86FC88F87D7B}.Debug|Any CPU.ActiveCfg = Debug
		{92F8E316-75E3-4E85-9F2A-86FC88F87D7B}.Release|Any CPU.ActiveCfg = Release
	EndGlobalSection
	GlobalSection(SolutionProperties) = preSolution
		HideSolutionNode = FALSE
	EndGlobalSection
	GlobalSection(ExtensibilityGlobals) = postSolution
		SolutionGuid = {78556AC6-EE40-43A0-86BE-CAEE2E8E8574}
	EndGlobalSection
EndGlobal
